
Microsoft Visual Studio Solution File, Format Version 12.00
# Visual Studio Version 17
VisualStudioVersion = 17.2.32516.85
MinimumVisualStudioVersion = 10.0.40219.1
Project("{FAE04EC0-301F-11D3-BF4B-00C04F79EFBC}") = "VotingApp", "VotingApp\VotingApp.csproj", "{47B81F0C-0265-4ECD-8B5A-BD7FA8D4C68D}"
EndProject
Project("{FAE04EC0-301F-11D3-BF4B-00C04F79EFBC}") = "VotingApp.Data", "VotingApp.Data\VotingApp.Data.csproj", "{9641E663-00E9-4094-8AEF-85B7882A6615}"
EndProject
Project("{FAE04EC0-301F-11D3-BF4B-00C04F79EFBC}") = "VotingApp.Business", "VotingApp.Business\VotingApp.Business.csproj", "{74D9106E-55F7-431A-A5AE-FF0B23504898}"
EndProject
Global
	GlobalSection(SolutionConfigurationPlatforms) = preSolution
		Debug|Any CPU = Debug|Any CPU
		Release|Any CPU = Release|Any CPU
	EndGlobalSection
	GlobalSection(ProjectConfigurationPlatforms) = postSolution
		{47B81F0C-0265-4ECD-8B5A-BD7FA8D4C68D}.Debug|Any CPU.ActiveCfg = Debug|Any CPU
		{47B81F0C-0265-4ECD-8B5A-BD7FA8D4C68D}.Debug|Any CPU.Build.0 = Debug|Any CPU
		{47B81F0C-0265-4ECD-8B5A-BD7FA8D4C68D}.Release|Any CPU.ActiveCfg = Release|Any CPU
		{47B81F0C-0265-4ECD-8B5A-BD7FA8D4C68D}.Release|Any CPU.Build.0 = Release|Any CPU
		{9641E663-00E9-4094-8AEF-85B7882A6615}.Debug|Any CPU.ActiveCfg = Debug|Any CPU
		{9641E663-00E9-4094-8AEF-85B7882A6615}.Debug|Any CPU.Build.0 = Debug|Any CPU
		{9641E663-00E9-4094-8AEF-85B7882A6615}.Release|Any CPU.ActiveCfg = Release|Any CPU
		{9641E663-00E9-4094-8AEF-85B7882A6615}.Release|Any CPU.Build.0 = Release|Any CPU
		{74D9106E-55F7-431A-A5AE-FF0B23504898}.Debug|Any CPU.ActiveCfg = Debug|Any CPU
		{74D9106E-55F7-431A-A5AE-FF0B23504898}.Debug|Any CPU.Build.0 = Debug|Any CPU
		{74D9106E-55F7-431A-A5AE-FF0B23504898}.Release|Any CPU.ActiveCfg = Release|Any CPU
		{74D9106E-55F7-431A-A5AE-FF0B23504898}.Release|Any CPU.Build.0 = Release|Any CPU
	EndGlobalSection
	GlobalSection(SolutionProperties) = preSolution
		HideSolutionNode = FALSE
	EndGlobalSection
	GlobalSection(ExtensibilityGlobals) = postSolution
		SolutionGuid = {9164F9FC-66F0-420B-A23A-6FDD8AE63098}
	EndGlobalSection
EndGlobal
